
Microsoft Visual Studio Solution File, Format Version 12.00
# Visual Studio Version 17
VisualStudioVersion = 17.5.002.0
MinimumVisualStudioVersion = 10.0.40219.1
Project("{9A19103F-16F7-4668-BE54-9A1E7A4F7556}") = "ClientServerEvaluation", "ClientServerEvaluation.csproj", "{03482CA1-FCE0-4353-87D1-358E11A29DE1}"
EndProject
Global
	GlobalSection(SolutionConfigurationPlatforms) = preSolution
		Debug|Any CPU = Debug|Any CPU
		Release|Any CPU = Release|Any CPU
	EndGlobalSection
	GlobalSection(ProjectConfigurationPlatforms) = postSolution
		{03482CA1-FCE0-4353-87D1-358E11A29DE1}.Debug|Any CPU.ActiveCfg = Debug|Any CPU
		{03482CA1-FCE0-4353-87D1-358E11A29DE1}.Debug|Any CPU.Build.0 = Debug|Any CPU
		{03482CA1-FCE0-4353-87D1-358E11A29DE1}.Release|Any CPU.ActiveCfg = Release|Any CPU
		{03482CA1-FCE0-4353-87D1-358E11A29DE1}.Release|Any CPU.Build.0 = Release|Any CPU
	EndGlobalSection
	GlobalSection(SolutionProperties) = preSolution
		HideSolutionNode = FALSE
	EndGlobalSection
	GlobalSection(ExtensibilityGlobals) = postSolution
		SolutionGuid = {6E324268-404B-4178-9A7F-3E89B47F4F76}
	EndGlobalSection
EndGlobal
